{
    "name": "mobx-react",
    "version": "7.0.5",
    "lockfileVersion": 1,
    "requires": true,
    "dependencies": {
        "mobx": {
            "version": "6.0.4",
            "resolved": "https://registry.npmjs.org/mobx/-/mobx-6.0.4.tgz",
            "integrity": "sha512-wT2QJT9tW19VSHo9x7RPKU3z/I2Ps6wUS8Kb1OO+kzmg7UY3n4AkcaYG6jq95Lp1R9ohjC/NGYuT2PtuvBjhFg=="
        },
        "mobx-react-lite": {
            "version": "3.1.6",
            "resolved": "https://registry.npmjs.org/mobx-react-lite/-/mobx-react-lite-3.1.6.tgz",
            "integrity": "sha512-MM3x9BLt5nC7iE/ILA5n2+hfrplEKYbFjqROEuGkzBdZP/KD+Z44+2gseczRrTG0xFuiPWfEzgT68+6/zqOiEw=="
        }
    }
}
